<?xml version="1.0" encoding="utf-8"?>
<Project ToolsVersion="4.0" xmlns="http://schemas.microsoft.com/developer/msbuild/2003">
  <ItemGroup>
    <Filter Include="Common">
      <UniqueIdentifier>{568e946e-9ba1-4183-a621-983c0d890aac}</UniqueIdentifier>
    </Filter>
    <Filter Include="Export">
      <UniqueIdentifier>{35654a0c-8c33-4a1d-a1a8-b65b5e6d46cd}</UniqueIdentifier>
    </Filter>
    <Filter Include="Export\Helper">
      <UniqueIdentifier>{ac739fcd-f6a2-4d24-b974-cd4b35793cad}</UniqueIdentifier>
    </Filter>
    <Filter Include="Export\OpenCL">
      <UniqueIdentifier>{779a29b7-2cfa-4224-a328-d59b5781ce77}</UniqueIdentifier>
    </Filter>
    <Filter Include="Export\Gdiplus">
      <UniqueIdentifier>{abc9b4a0-2c3f-4ef7-ae75-c39d8dc7fdc2}</UniqueIdentifier>
    </Filter>
  </ItemGroup>
  <ItemGroup>
    <ClInclude Include="stdafx.h">
      <Filter>Common</Filter>
    </ClInclude>
    <ClInclude Include="Export\CoreExport.h">
      <Filter>Export</Filter>
    </ClInclude>
    <ClInclude Include="Export\Helper\CommonHelper.h">
      <Filter>Export\Helper</Filter>
    </ClInclude>
    <ClInclude Include="Export\OpenCL\OpenCLManager.h">
      <Filter>Export\OpenCL</Filter>
    </ClInclude>
    <ClInclude Include="Export\OpenCL\OpenCLKernel.h">
      <Filter>Export\OpenCL</Filter>
    </ClInclude>
    <ClInclude Include="Export\Gdiplus\GdiHelper.h">
      <Filter>Export\Gdiplus</Filter>
    </ClInclude>
    <ClInclude Include="Export\OpenCL\OpenCLHelper.h">
      <Filter>Export\OpenCL</Filter>
    </ClInclude>
  </ItemGroup>
  <ItemGroup>
    <ClCompile Include="stdafx.cpp">
      <Filter>Common</Filter>
    </ClCompile>
    <ClCompile Include="Export\OpenCL\OpenCLManager.cpp">
      <Filter>Export\OpenCL</Filter>
    </ClCompile>
    <ClCompile Include="Export\OpenCL\OpenCLKernel.cpp">
      <Filter>Export\OpenCL</Filter>
    </ClCompile>
    <ClCompile Include="Export\Gdiplus\GdiHelper.cpp">
      <Filter>Export\Gdiplus</Filter>
    </ClCompile>
  </ItemGroup>
</Project>